# This file is automatically @generated by Cargo.
# It is not intended for manual editing.
version = 4

[[package]]
name = "comet-enrich-datacite-affiliations"
version = "0.1.0"

[[package]]
name = "comet-enrich-datacite-funders"
version = "0.1.0"

[[package]]
name = "comet-enrich-datacite-resource-type-general"
version = "0.1.0"

[[package]]
name = "comet-enrichment-core"
version = "0.1.0"
